
Microsoft Visual Studio Solution File, Format Version 12.00
# Visual Studio 14
VisualStudioVersion = 14.0.25420.1
MinimumVisualStudioVersion = 10.0.40219.1
Project("{FAE04EC0-301F-11D3-BF4B-00C04F79EFBC}") = "ChatBotDebug", "ChatBotDebug\ChatBotDebug.csproj", "{79A20F44-4079-4DFC-A421-BB3DA2E0D754}"
EndProject
Project("{FAE04EC0-301F-11D3-BF4B-00C04F79EFBC}") = "ChatBotDebug.Droid", "ChatBotDebug.Droid\ChatBotDebug.Droid.csproj", "{3CCF340F-7BC0-4E48-8B9A-1236AF817438}"
EndProject
Project("{FAE04EC0-301F-11D3-BF4B-00C04F79EFBC}") = "ChatBotDebug.iOS", "ChatBotDebug.iOS\ChatBotDebug.iOS.csproj", "{ABA84CCA-604D-4C13-8265-8E39212F0637}"
EndProject
Project("{FAE04EC0-301F-11D3-BF4B-00C04F79EFBC}") = "ChatBotDebug.WinPhone", "ChatBotDebug.WinPhone\ChatBotDebug.WinPhone.csproj", "{8224D80C-F592-406C-85F1-2EF2828ACB8E}"
EndProject
Project("{FAE04EC0-301F-11D3-BF4B-00C04F79EFBC}") = "ChatBotDebug.Windows", "ChatBotDebug.Windows\ChatBotDebug.Windows.csproj", "{147B7E04-CE31-49A7-8589-7C8CB3A9693D}"
EndProject
Global
	GlobalSection(SolutionConfigurationPlatforms) = preSolution
		Ad-Hoc|Any CPU = Ad-Hoc|Any CPU
		Ad-Hoc|ARM = Ad-Hoc|ARM
		Ad-Hoc|iPhone = Ad-Hoc|iPhone
		Ad-Hoc|iPhoneSimulator = Ad-Hoc|iPhoneSimulator
		Ad-Hoc|x64 = Ad-Hoc|x64
		Ad-Hoc|x86 = Ad-Hoc|x86
		AppStore|Any CPU = AppStore|Any CPU
		AppStore|ARM = AppStore|ARM
		AppStore|iPhone = AppStore|iPhone
		AppStore|iPhoneSimulator = AppStore|iPhoneSimulator
		AppStore|x64 = AppStore|x64
		AppStore|x86 = AppStore|x86
		Debug|Any CPU = Debug|Any CPU
		Debug|ARM = Debug|ARM
		Debug|iPhone = Debug|iPhone
		Debug|iPhoneSimulator = Debug|iPhoneSimulator
		Debug|x64 = Debug|x64
		Debug|x86 = Debug|x86
		Release|Any CPU = Release|Any CPU
		Release|ARM = Release|ARM
		Release|iPhone = Release|iPhone
		Release|iPhoneSimulator = Release|iPhoneSimulator
		Release|x64 = Release|x64
		Release|x86 = Release|x86
	EndGlobalSection
	GlobalSection(ProjectConfigurationPlatforms) = postSolution
		{79A20F44-4079-4DFC-A421-BB3DA2E0D754}.Ad-Hoc|Any CPU.ActiveCfg = Release|Any CPU
		{79A20F44-4079-4DFC-A421-BB3DA2E0D754}.Ad-Hoc|Any CPU.Build.0 = Release|Any CPU
		{79A20F44-4079-4DFC-A421-BB3DA2E0D754}.Ad-Hoc|ARM.ActiveCfg = Release|Any CPU
		{79A20F44-4079-4DFC-A421-BB3DA2E0D754}.Ad-Hoc|ARM.Build.0 = Release|Any CPU
		{79A20F44-4079-4DFC-A421-BB3DA2E0D754}.Ad-Hoc|iPhone.ActiveCfg = Release|Any CPU
		{79A20F44-4079-4DFC-A421-BB3DA2E0D754}.Ad-Hoc|iPhone.Build.0 = Release|Any CPU
		{79A20F44-4079-4DFC-A421-BB3DA2E0D754}.Ad-Hoc|iPhoneSimulator.ActiveCfg = Release|Any CPU
		{79A20F44-4079-4DFC-A421-BB3DA2E0D754}.Ad-Hoc|iPhoneSimulator.Build.0 = Release|Any CPU
		{79A20F44-4079-4DFC-A421-BB3DA2E0D754}.Ad-Hoc|x64.ActiveCfg = Release|Any CPU
		{79A20F44-4079-4DFC-A421-BB3DA2E0D754}.Ad-Hoc|x64.Build.0 = Release|Any CPU
		{79A20F44-4079-4DFC-A421-BB3DA2E0D754}.Ad-Hoc|x86.ActiveCfg = Release|Any CPU
		{79A20F44-4079-4DFC-A421-BB3DA2E0D754}.Ad-Hoc|x86.Build.0 = Release|Any CPU
		{79A20F44-4079-4DFC-A421-BB3DA2E0D754}.AppStore|Any CPU.ActiveCfg = Release|Any CPU
		{79A20F44-4079-4DFC-A421-BB3DA2E0D754}.AppStore|Any CPU.Build.0 = Release|Any CPU
		{79A20F44-4079-4DFC-A421-BB3DA2E0D754}.AppStore|ARM.ActiveCfg = Release|Any CPU
		{79A20F44-4079-4DFC-A421-BB3DA2E0D754}.AppStore|ARM.Build.0 = Release|Any CPU
		{79A20F44-4079-4DFC-A421-BB3DA2E0D754}.AppStore|iPhone.ActiveCfg = Release|Any CPU
		{79A20F44-4079-4DFC-A421-BB3DA2E0D754}.AppStore|iPhone.Build.0 = Release|Any CPU
		{79A20F44-4079-4DFC-A421-BB3DA2E0D754}.AppStore|iPhoneSimulator.ActiveCfg = Release|Any CPU
		{79A20F44-4079-4DFC-A421-BB3DA2E0D754}.AppStore|iPhoneSimulator.Build.0 = Release|Any CPU
		{79A20F44-4079-4DFC-A421-BB3DA2E0D754}.AppStore|x64.ActiveCfg = Release|Any CPU
		{79A20F44-4079-4DFC-A421-BB3DA2E0D754}.AppStore|x64.Build.0 = Release|Any CPU
		{79A20F44-4079-4DFC-A421-BB3DA2E0D754}.AppStore|x86.ActiveCfg = Release|Any CPU
		{79A20F44-4079-4DFC-A421-BB3DA2E0D754}.AppStore|x86.Build.0 = Release|Any CPU
		{79A20F44-4079-4DFC-A421-BB3DA2E0D754}.Debug|Any CPU.ActiveCfg = Debug|Any CPU
		{79A20F44-4079-4DFC-A421-BB3DA2E0D754}.Debug|Any CPU.Build.0 = Debug|Any CPU
		{79A20F44-4079-4DFC-A421-BB3DA2E0D754}.Debug|ARM.ActiveCfg = Debug|Any CPU
		{79A20F44-4079-4DFC-A421-BB3DA2E0D754}.Debug|ARM.Build.0 = Debug|Any CPU
		{79A20F44-4079-4DFC-A421-BB3DA2E0D754}.Debug|iPhone.ActiveCfg = Debug|Any CPU
		{79A20F44-4079-4DFC-A421-BB3DA2E0D754}.Debug|iPhone.Build.0 = Debug|Any CPU
		{79A20F44-4079-4DFC-A421-BB3DA2E0D754}.Debug|iPhoneSimulator.ActiveCfg = Debug|Any CPU
		{79A20F44-4079-4DFC-A421-BB3DA2E0D754}.Debug|iPhoneSimulator.Build.0 = Debug|Any CPU
		{79A20F44-4079-4DFC-A421-BB3DA2E0D754}.Debug|x64.ActiveCfg = Debug|Any CPU
		{79A20F44-4079-4DFC-A421-BB3DA2E0D754}.Debug|x64.Build.0 = Debug|Any CPU
		{79A20F44-4079-4DFC-A421-BB3DA2E0D754}.Debug|x86.ActiveCfg = Debug|Any CPU
		{79A20F44-4079-4DFC-A421-BB3DA2E0D754}.Debug|x86.Build.0 = Debug|Any CPU
		{79A20F44-4079-4DFC-A421-BB3DA2E0D754}.Release|Any CPU.ActiveCfg = Release|Any CPU
		{79A20F44-4079-4DFC-A421-BB3DA2E0D754}.Release|Any CPU.Build.0 = Release|Any CPU
		{79A20F44-4079-4DFC-A421-BB3DA2E0D754}.Release|ARM.ActiveCfg = Release|Any CPU
		{79A20F44-4079-4DFC-A421-BB3DA2E0D754}.Release|ARM.Build.0 = Release|Any CPU
		{79A20F44-4079-4DFC-A421-BB3DA2E0D754}.Release|iPhone.ActiveCfg = Release|Any CPU
		{79A20F44-4079-4DFC-A421-BB3DA2E0D754}.Release|iPhone.Build.0 = Release|Any CPU
		{79A20F44-4079-4DFC-A421-BB3DA2E0D754}.Release|iPhoneSimulator.ActiveCfg = Release|Any CPU
		{79A20F44-4079-4DFC-A421-BB3DA2E0D754}.Release|iPhoneSimulator.Build.0 = Release|Any CPU
		{79A20F44-4079-4DFC-A421-BB3DA2E0D754}.Release|x64.ActiveCfg = Release|Any CPU
		{79A20F44-4079-4DFC-A421-BB3DA2E0D754}.Release|x64.Build.0 = Release|Any CPU
		{79A20F44-4079-4DFC-A421-BB3DA2E0D754}.Release|x86.ActiveCfg = Release|Any CPU
		{79A20F44-4079-4DFC-A421-BB3DA2E0D754}.Release|x86.Build.0 = Release|Any CPU
		{3CCF340F-7BC0-4E48-8B9A-1236AF817438}.Ad-Hoc|Any CPU.ActiveCfg = Release|Any CPU
		{3CCF340F-7BC0-4E48-8B9A-1236AF817438}.Ad-Hoc|Any CPU.Build.0 = Release|Any CPU
		{3CCF340F-7BC0-4E48-8B9A-1236AF817438}.Ad-Hoc|Any CPU.Deploy.0 = Release|Any CPU
		{3CCF340F-7BC0-4E48-8B9A-1236AF817438}.Ad-Hoc|ARM.ActiveCfg = Release|Any CPU
		{3CCF340F-7BC0-4E48-8B9A-1236AF817438}.Ad-Hoc|ARM.Build.0 = Release|Any CPU
		{3CCF340F-7BC0-4E48-8B9A-1236AF817438}.Ad-Hoc|ARM.Deploy.0 = Release|Any CPU
		{3CCF340F-7BC0-4E48-8B9A-1236AF817438}.Ad-Hoc|iPhone.ActiveCfg = Release|Any CPU
		{3CCF340F-7BC0-4E48-8B9A-1236AF817438}.Ad-Hoc|iPhone.Build.0 = Release|Any CPU
		{3CCF340F-7BC0-4E48-8B9A-1236AF817438}.Ad-Hoc|iPhone.Deploy.0 = Release|Any CPU
		{3CCF340F-7BC0-4E48-8B9A-1236AF817438}.Ad-Hoc|iPhoneSimulator.ActiveCfg = Release|Any CPU
		{3CCF340F-7BC0-4E48-8B9A-1236AF817438}.Ad-Hoc|iPhoneSimulator.Build.0 = Release|Any CPU
		{3CCF340F-7BC0-4E48-8B9A-1236AF817438}.Ad-Hoc|iPhoneSimulator.Deploy.0 = Release|Any CPU
		{3CCF340F-7BC0-4E48-8B9A-1236AF817438}.Ad-Hoc|x64.ActiveCfg = Release|Any CPU
		{3CCF340F-7BC0-4E48-8B9A-1236AF817438}.Ad-Hoc|x64.Build.0 = Release|Any CPU
		{3CCF340F-7BC0-4E48-8B9A-1236AF817438}.Ad-Hoc|x64.Deploy.0 = Release|Any CPU
		{3CCF340F-7BC0-4E48-8B9A-1236AF817438}.Ad-Hoc|x86.ActiveCfg = Release|Any CPU
		{3CCF340F-7BC0-4E48-8B9A-1236AF817438}.Ad-Hoc|x86.Build.0 = Release|Any CPU
		{3CCF340F-7BC0-4E48-8B9A-1236AF817438}.Ad-Hoc|x86.Deploy.0 = Release|Any CPU
		{3CCF340F-7BC0-4E48-8B9A-1236AF817438}.AppStore|Any CPU.ActiveCfg = Release|Any CPU
		{3CCF340F-7BC0-4E48-8B9A-1236AF817438}.AppStore|Any CPU.Build.0 = Release|Any CPU
		{3CCF340F-7BC0-4E48-8B9A-1236AF817438}.AppStore|Any CPU.Deploy.0 = Release|Any CPU
		{3CCF340F-7BC0-4E48-8B9A-1236AF817438}.AppStore|ARM.ActiveCfg = Release|Any CPU
		{3CCF340F-7BC0-4E48-8B9A-1236AF817438}.AppStore|ARM.Build.0 = Release|Any CPU
		{3CCF340F-7BC0-4E48-8B9A-1236AF817438}.AppStore|ARM.Deploy.0 = Release|Any CPU
		{3CCF340F-7BC0-4E48-8B9A-1236AF817438}.AppStore|iPhone.ActiveCfg = Release|Any CPU
		{3CCF340F-7BC0-4E48-8B9A-1236AF817438}.AppStore|iPhone.Build.0 = Release|Any CPU
		{3CCF340F-7BC0-4E48-8B9A-1236AF817438}.AppStore|iPhone.Deploy.0 = Release|Any CPU
		{3CCF340F-7BC0-4E48-8B9A-1236AF817438}.AppStore|iPhoneSimulator.ActiveCfg = Release|Any CPU
		{3CCF340F-7BC0-4E48-8B9A-1236AF817438}.AppStore|iPhoneSimulator.Build.0 = Release|Any CPU
		{3CCF340F-7BC0-4E48-8B9A-1236AF817438}.AppStore|iPhoneSimulator.Deploy.0 = Release|Any CPU
		{3CCF340F-7BC0-4E48-8B9A-1236AF817438}.AppStore|x64.ActiveCfg = Release|Any CPU
		{3CCF340F-7BC0-4E48-8B9A-1236AF817438}.AppStore|x64.Build.0 = Release|Any CPU
		{3CCF340F-7BC0-4E48-8B9A-1236AF817438}.AppStore|x64.Deploy.0 = Release|Any CPU
		{3CCF340F-7BC0-4E48-8B9A-1236AF817438}.AppStore|x86.ActiveCfg = Release|Any CPU
		{3CCF340F-7BC0-4E48-8B9A-1236AF817438}.AppStore|x86.Build.0 = Release|Any CPU
		{3CCF340F-7BC0-4E48-8B9A-1236AF817438}.AppStore|x86.Deploy.0 = Release|Any CPU
		{3CCF340F-7BC0-4E48-8B9A-1236AF817438}.Debug|Any CPU.ActiveCfg = Debug|Any CPU
		{3CCF340F-7BC0-4E48-8B9A-1236AF817438}.Debug|Any CPU.Build.0 = Debug|Any CPU
		{3CCF340F-7BC0-4E48-8B9A-1236AF817438}.Debug|Any CPU.Deploy.0 = Debug|Any CPU
		{3CCF340F-7BC0-4E48-8B9A-1236AF817438}.Debug|ARM.ActiveCfg = Debug|Any CPU
		{3CCF340F-7BC0-4E48-8B9A-1236AF817438}.Debug|ARM.Build.0 = Debug|Any CPU
		{3CCF340F-7BC0-4E48-8B9A-1236AF817438}.Debug|ARM.Deploy.0 = Debug|Any CPU
		{3CCF340F-7BC0-4E48-8B9A-1236AF817438}.Debug|iPhone.ActiveCfg = Debug|Any CPU
		{3CCF340F-7BC0-4E48-8B9A-1236AF817438}.Debug|iPhone.Build.0 = Debug|Any CPU
		{3CCF340F-7BC0-4E48-8B9A-1236AF817438}.Debug|iPhone.Deploy.0 = Debug|Any CPU
		{3CCF340F-7BC0-4E48-8B9A-1236AF817438}.Debug|iPhoneSimulator.ActiveCfg = Debug|Any CPU
		{3CCF340F-7BC0-4E48-8B9A-1236AF817438}.Debug|iPhoneSimulator.Build.0 = Debug|Any CPU
		{3CCF340F-7BC0-4E48-8B9A-1236AF817438}.Debug|iPhoneSimulator.Deploy.0 = Debug|Any CPU
		{3CCF340F-7BC0-4E48-8B9A-1236AF817438}.Debug|x64.ActiveCfg = Debug|Any CPU
		{3CCF340F-7BC0-4E48-8B9A-1236AF817438}.Debug|x64.Build.0 = Debug|Any CPU
		{3CCF340F-7BC0-4E48-8B9A-1236AF817438}.Debug|x64.Deploy.0 = Debug|Any CPU
		{3CCF340F-7BC0-4E48-8B9A-1236AF817438}.Debug|x86.ActiveCfg = Debug|Any CPU
		{3CCF340F-7BC0-4E48-8B9A-1236AF817438}.Debug|x86.Build.0 = Debug|Any CPU
		{3CCF340F-7BC0-4E48-8B9A-1236AF817438}.Debug|x86.Deploy.0 = Debug|Any CPU
		{3CCF340F-7BC0-4E48-8B9A-1236AF817438}.Release|Any CPU.ActiveCfg = Release|Any CPU
		{3CCF340F-7BC0-4E48-8B9A-1236AF817438}.Release|Any CPU.Build.0 = Release|Any CPU
		{3CCF340F-7BC0-4E48-8B9A-1236AF817438}.Release|Any CPU.Deploy.0 = Release|Any CPU
		{3CCF340F-7BC0-4E48-8B9A-1236AF817438}.Release|ARM.ActiveCfg = Release|Any CPU
		{3CCF340F-7BC0-4E48-8B9A-1236AF817438}.Release|ARM.Build.0 = Release|Any CPU
		{3CCF340F-7BC0-4E48-8B9A-1236AF817438}.Release|ARM.Deploy.0 = Release|Any CPU
		{3CCF340F-7BC0-4E48-8B9A-1236AF817438}.Release|iPhone.ActiveCfg = Release|Any CPU
		{3CCF340F-7BC0-4E48-8B9A-1236AF817438}.Release|iPhone.Build.0 = Release|Any CPU
		{3CCF340F-7BC0-4E48-8B9A-1236AF817438}.Release|iPhone.Deploy.0 = Release|Any CPU
		{3CCF340F-7BC0-4E48-8B9A-1236AF817438}.Release|iPhoneSimulator.ActiveCfg = Release|Any CPU
		{3CCF340F-7BC0-4E48-8B9A-1236AF817438}.Release|iPhoneSimulator.Build.0 = Release|Any CPU
		{3CCF340F-7BC0-4E48-8B9A-1236AF817438}.Release|iPhoneSimulator.Deploy.0 = Release|Any CPU
		{3CCF340F-7BC0-4E48-8B9A-1236AF817438}.Release|x64.ActiveCfg = Release|Any CPU
		{3CCF340F-7BC0-4E48-8B9A-1236AF817438}.Release|x64.Build.0 = Release|Any CPU
		{3CCF340F-7BC0-4E48-8B9A-1236AF817438}.Release|x64.Deploy.0 = Release|Any CPU
		{3CCF340F-7BC0-4E48-8B9A-1236AF817438}.Release|x86.ActiveCfg = Release|Any CPU
		{3CCF340F-7BC0-4E48-8B9A-1236AF817438}.Release|x86.Build.0 = Release|Any CPU
		{3CCF340F-7BC0-4E48-8B9A-1236AF817438}.Release|x86.Deploy.0 = Release|Any CPU
		{ABA84CCA-604D-4C13-8265-8E39212F0637}.Ad-Hoc|Any CPU.ActiveCfg = Ad-Hoc|iPhone
		{ABA84CCA-604D-4C13-8265-8E39212F0637}.Ad-Hoc|ARM.ActiveCfg = Ad-Hoc|iPhone
		{ABA84CCA-604D-4C13-8265-8E39212F0637}.Ad-Hoc|iPhone.ActiveCfg = Ad-Hoc|iPhone
		{ABA84CCA-604D-4C13-8265-8E39212F0637}.Ad-Hoc|iPhone.Build.0 = Ad-Hoc|iPhone
		{ABA84CCA-604D-4C13-8265-8E39212F0637}.Ad-Hoc|iPhoneSimulator.ActiveCfg = Ad-Hoc|iPhoneSimulator
		{ABA84CCA-604D-4C13-8265-8E39212F0637}.Ad-Hoc|iPhoneSimulator.Build.0 = Ad-Hoc|iPhoneSimulator
		{ABA84CCA-604D-4C13-8265-8E39212F0637}.Ad-Hoc|x64.ActiveCfg = Ad-Hoc|iPhone
		{ABA84CCA-604D-4C13-8265-8E39212F0637}.Ad-Hoc|x86.ActiveCfg = Ad-Hoc|iPhone
		{ABA84CCA-604D-4C13-8265-8E39212F0637}.AppStore|Any CPU.ActiveCfg = AppStore|iPhone
		{ABA84CCA-604D-4C13-8265-8E39212F0637}.AppStore|ARM.ActiveCfg = AppStore|iPhone
		{ABA84CCA-604D-4C13-8265-8E39212F0637}.AppStore|iPhone.ActiveCfg = AppStore|iPhone
		{ABA84CCA-604D-4C13-8265-8E39212F0637}.AppStore|iPhone.Build.0 = AppStore|iPhone
		{ABA84CCA-604D-4C13-8265-8E39212F0637}.AppStore|iPhoneSimulator.ActiveCfg = AppStore|iPhoneSimulator
		{ABA84CCA-604D-4C13-8265-8E39212F0637}.AppStore|iPhoneSimulator.Build.0 = AppStore|iPhoneSimulator
		{ABA84CCA-604D-4C13-8265-8E39212F0637}.AppStore|x64.ActiveCfg = AppStore|iPhone
		{ABA84CCA-604D-4C13-8265-8E39212F0637}.AppStore|x86.ActiveCfg = AppStore|iPhone
		{ABA84CCA-604D-4C13-8265-8E39212F0637}.Debug|Any CPU.ActiveCfg = Debug|iPhone
		{ABA84CCA-604D-4C13-8265-8E39212F0637}.Debug|ARM.ActiveCfg = Debug|iPhone
		{ABA84CCA-604D-4C13-8265-8E39212F0637}.Debug|iPhone.ActiveCfg = Debug|iPhone
		{ABA84CCA-604D-4C13-8265-8E39212F0637}.Debug|iPhone.Build.0 = Debug|iPhone
		{ABA84CCA-604D-4C13-8265-8E39212F0637}.Debug|iPhoneSimulator.ActiveCfg = Debug|iPhoneSimulator
		{ABA84CCA-604D-4C13-8265-8E39212F0637}.Debug|iPhoneSimulator.Build.0 = Debug|iPhoneSimulator
		{ABA84CCA-604D-4C13-8265-8E39212F0637}.Debug|x64.ActiveCfg = Debug|iPhone
		{ABA84CCA-604D-4C13-8265-8E39212F0637}.Debug|x86.ActiveCfg = Debug|iPhone
		{ABA84CCA-604D-4C13-8265-8E39212F0637}.Release|Any CPU.ActiveCfg = Release|iPhone
		{ABA84CCA-604D-4C13-8265-8E39212F0637}.Release|ARM.ActiveCfg = Release|iPhone
		{ABA84CCA-604D-4C13-8265-8E39212F0637}.Release|iPhone.ActiveCfg = Release|iPhone
		{ABA84CCA-604D-4C13-8265-8E39212F0637}.Release|iPhone.Build.0 = Release|iPhone
		{ABA84CCA-604D-4C13-8265-8E39212F0637}.Release|iPhoneSimulator.ActiveCfg = Release|iPhoneSimulator
		{ABA84CCA-604D-4C13-8265-8E39212F0637}.Release|iPhoneSimulator.Build.0 = Release|iPhoneSimulator
		{ABA84CCA-604D-4C13-8265-8E39212F0637}.Release|x64.ActiveCfg = Release|iPhone
		{ABA84CCA-604D-4C13-8265-8E39212F0637}.Release|x86.ActiveCfg = Release|iPhone
		{8224D80C-F592-406C-85F1-2EF2828ACB8E}.Ad-Hoc|Any CPU.ActiveCfg = Release|Any CPU
		{8224D80C-F592-406C-85F1-2EF2828ACB8E}.Ad-Hoc|Any CPU.Build.0 = Release|Any CPU
		{8224D80C-F592-406C-85F1-2EF2828ACB8E}.Ad-Hoc|Any CPU.Deploy.0 = Release|Any CPU
		{8224D80C-F592-406C-85F1-2EF2828ACB8E}.Ad-Hoc|ARM.ActiveCfg = Release|ARM
		{8224D80C-F592-406C-85F1-2EF2828ACB8E}.Ad-Hoc|ARM.Build.0 = Release|ARM
		{8224D80C-F592-406C-85F1-2EF2828ACB8E}.Ad-Hoc|ARM.Deploy.0 = Release|ARM
		{8224D80C-F592-406C-85F1-2EF2828ACB8E}.Ad-Hoc|iPhone.ActiveCfg = Release|Any CPU
		{8224D80C-F592-406C-85F1-2EF2828ACB8E}.Ad-Hoc|iPhone.Build.0 = Release|Any CPU
		{8224D80C-F592-406C-85F1-2EF2828ACB8E}.Ad-Hoc|iPhone.Deploy.0 = Release|Any CPU
		{8224D80C-F592-406C-85F1-2EF2828ACB8E}.Ad-Hoc|iPhoneSimulator.ActiveCfg = Release|Any CPU
		{8224D80C-F592-406C-85F1-2EF2828ACB8E}.Ad-Hoc|iPhoneSimulator.Build.0 = Release|Any CPU
		{8224D80C-F592-406C-85F1-2EF2828ACB8E}.Ad-Hoc|iPhoneSimulator.Deploy.0 = Release|Any CPU
		{8224D80C-F592-406C-85F1-2EF2828ACB8E}.Ad-Hoc|x64.ActiveCfg = Release|Any CPU
		{8224D80C-F592-406C-85F1-2EF2828ACB8E}.Ad-Hoc|x64.Build.0 = Release|Any CPU
		{8224D80C-F592-406C-85F1-2EF2828ACB8E}.Ad-Hoc|x64.Deploy.0 = Release|Any CPU
		{8224D80C-F592-406C-85F1-2EF2828ACB8E}.Ad-Hoc|x86.ActiveCfg = Release|x86
		{8224D80C-F592-406C-85F1-2EF2828ACB8E}.Ad-Hoc|x86.Build.0 = Release|x86
		{8224D80C-F592-406C-85F1-2EF2828ACB8E}.Ad-Hoc|x86.Deploy.0 = Release|x86
		{8224D80C-F592-406C-85F1-2EF2828ACB8E}.AppStore|Any CPU.ActiveCfg = Release|Any CPU
		{8224D80C-F592-406C-85F1-2EF2828ACB8E}.AppStore|Any CPU.Build.0 = Release|Any CPU
		{8224D80C-F592-406C-85F1-2EF2828ACB8E}.AppStore|Any CPU.Deploy.0 = Release|Any CPU
		{8224D80C-F592-406C-85F1-2EF2828ACB8E}.AppStore|ARM.ActiveCfg = Release|ARM
		{8224D80C-F592-406C-85F1-2EF2828ACB8E}.AppStore|ARM.Build.0 = Release|ARM
		{8224D80C-F592-406C-85F1-2EF2828ACB8E}.AppStore|ARM.Deploy.0 = Release|ARM
		{8224D80C-F592-406C-85F1-2EF2828ACB8E}.AppStore|iPhone.ActiveCfg = Release|Any CPU
		{8224D80C-F592-406C-85F1-2EF2828ACB8E}.AppStore|iPhone.Build.0 = Release|Any CPU
		{8224D80C-F592-406C-85F1-2EF2828ACB8E}.AppStore|iPhone.Deploy.0 = Release|Any CPU
		{8224D80C-F592-406C-85F1-2EF2828ACB8E}.AppStore|iPhoneSimulator.ActiveCfg = Release|Any CPU
		{8224D80C-F592-406C-85F1-2EF2828ACB8E}.AppStore|iPhoneSimulator.Build.0 = Release|Any CPU
		{8224D80C-F592-406C-85F1-2EF2828ACB8E}.AppStore|iPhoneSimulator.Deploy.0 = Release|Any CPU
		{8224D80C-F592-406C-85F1-2EF2828ACB8E}.AppStore|x64.ActiveCfg = Release|Any CPU
		{8224D80C-F592-406C-85F1-2EF2828ACB8E}.AppStore|x64.Build.0 = Release|Any CPU
		{8224D80C-F592-406C-85F1-2EF2828ACB8E}.AppStore|x64.Deploy.0 = Release|Any CPU
		{8224D80C-F592-406C-85F1-2EF2828ACB8E}.AppStore|x86.ActiveCfg = Release|x86
		{8224D80C-F592-406C-85F1-2EF2828ACB8E}.AppStore|x86.Build.0 = Release|x86
		{8224D80C-F592-406C-85F1-2EF2828ACB8E}.AppStore|x86.Deploy.0 = Release|x86
		{8224D80C-F592-406C-85F1-2EF2828ACB8E}.Debug|Any CPU.ActiveCfg = Debug|Any CPU
		{8224D80C-F592-406C-85F1-2EF2828ACB8E}.Debug|Any CPU.Build.0 = Debug|Any CPU
		{8224D80C-F592-406C-85F1-2EF2828ACB8E}.Debug|Any CPU.Deploy.0 = Debug|Any CPU
		{8224D80C-F592-406C-85F1-2EF2828ACB8E}.Debug|ARM.ActiveCfg = Debug|ARM
		{8224D80C-F592-406C-85F1-2EF2828ACB8E}.Debug|ARM.Build.0 = Debug|ARM
		{8224D80C-F592-406C-85F1-2EF2828ACB8E}.Debug|ARM.Deploy.0 = Debug|ARM
		{8224D80C-F592-406C-85F1-2EF2828ACB8E}.Debug|iPhone.ActiveCfg = Debug|Any CPU
		{8224D80C-F592-406C-85F1-2EF2828ACB8E}.Debug|iPhone.Build.0 = Debug|Any CPU
		{8224D80C-F592-406C-85F1-2EF2828ACB8E}.Debug|iPhone.Deploy.0 = Debug|Any CPU
		{8224D80C-F592-406C-85F1-2EF2828ACB8E}.Debug|iPhoneSimulator.ActiveCfg = Debug|Any CPU
		{8224D80C-F592-406C-85F1-2EF2828ACB8E}.Debug|iPhoneSimulator.Build.0 = Debug|Any CPU
		{8224D80C-F592-406C-85F1-2EF2828ACB8E}.Debug|iPhoneSimulator.Deploy.0 = Debug|Any CPU
		{8224D80C-F592-406C-85F1-2EF2828ACB8E}.Debug|x64.ActiveCfg = Debug|Any CPU
		{8224D80C-F592-406C-85F1-2EF2828ACB8E}.Debug|x64.Build.0 = Debug|Any CPU
		{8224D80C-F592-406C-85F1-2EF2828ACB8E}.Debug|x64.Deploy.0 = Debug|Any CPU
		{8224D80C-F592-406C-85F1-2EF2828ACB8E}.Debug|x86.ActiveCfg = Debug|x86
		{8224D80C-F592-406C-85F1-2EF2828ACB8E}.Debug|x86.Build.0 = Debug|x86
		{8224D80C-F592-406C-85F1-2EF2828ACB8E}.Debug|x86.Deploy.0 = Debug|x86
		{8224D80C-F592-406C-85F1-2EF2828ACB8E}.Release|Any CPU.ActiveCfg = Release|Any CPU
		{8224D80C-F592-406C-85F1-2EF2828ACB8E}.Release|Any CPU.Build.0 = Release|Any CPU
		{8224D80C-F592-406C-85F1-2EF2828ACB8E}.Release|Any CPU.Deploy.0 = Release|Any CPU
		{8224D80C-F592-406C-85F1-2EF2828ACB8E}.Release|ARM.ActiveCfg = Release|ARM
		{8224D80C-F592-406C-85F1-2EF2828ACB8E}.Release|ARM.Build.0 = Release|ARM
		{8224D80C-F592-406C-85F1-2EF2828ACB8E}.Release|ARM.Deploy.0 = Release|ARM
		{8224D80C-F592-406C-85F1-2EF2828ACB8E}.Release|iPhone.ActiveCfg = Release|Any CPU
		{8224D80C-F592-406C-85F1-2EF2828ACB8E}.Release|iPhone.Build.0 = Release|Any CPU
		{8224D80C-F592-406C-85F1-2EF2828ACB8E}.Release|iPhone.Deploy.0 = Release|Any CPU
		{8224D80C-F592-406C-85F1-2EF2828ACB8E}.Release|iPhoneSimulator.ActiveCfg = Release|Any CPU
		{8224D80C-F592-406C-85F1-2EF2828ACB8E}.Release|iPhoneSimulator.Build.0 = Release|Any CPU
		{8224D80C-F592-406C-85F1-2EF2828ACB8E}.Release|iPhoneSimulator.Deploy.0 = Release|Any CPU
		{8224D80C-F592-406C-85F1-2EF2828ACB8E}.Release|x64.ActiveCfg = Release|Any CPU
		{8224D80C-F592-406C-85F1-2EF2828ACB8E}.Release|x64.Build.0 = Release|Any CPU
		{8224D80C-F592-406C-85F1-2EF2828ACB8E}.Release|x64.Deploy.0 = Release|Any CPU
		{8224D80C-F592-406C-85F1-2EF2828ACB8E}.Release|x86.ActiveCfg = Release|x86
		{8224D80C-F592-406C-85F1-2EF2828ACB8E}.Release|x86.Build.0 = Release|x86
		{8224D80C-F592-406C-85F1-2EF2828ACB8E}.Release|x86.Deploy.0 = Release|x86
		{147B7E04-CE31-49A7-8589-7C8CB3A9693D}.Ad-Hoc|Any CPU.ActiveCfg = Release|Any CPU
		{147B7E04-CE31-49A7-8589-7C8CB3A9693D}.Ad-Hoc|Any CPU.Build.0 = Release|Any CPU
		{147B7E04-CE31-49A7-8589-7C8CB3A9693D}.Ad-Hoc|Any CPU.Deploy.0 = Release|Any CPU
		{147B7E04-CE31-49A7-8589-7C8CB3A9693D}.Ad-Hoc|ARM.ActiveCfg = Release|ARM
		{147B7E04-CE31-49A7-8589-7C8CB3A9693D}.Ad-Hoc|ARM.Build.0 = Release|ARM
		{147B7E04-CE31-49A7-8589-7C8CB3A9693D}.Ad-Hoc|ARM.Deploy.0 = Release|ARM
		{147B7E04-CE31-49A7-8589-7C8CB3A9693D}.Ad-Hoc|iPhone.ActiveCfg = Release|Any CPU
		{147B7E04-CE31-49A7-8589-7C8CB3A9693D}.Ad-Hoc|iPhone.Build.0 = Release|Any CPU
		{147B7E04-CE31-49A7-8589-7C8CB3A9693D}.Ad-Hoc|iPhone.Deploy.0 = Release|Any CPU
		{147B7E04-CE31-49A7-8589-7C8CB3A9693D}.Ad-Hoc|iPhoneSimulator.ActiveCfg = Release|Any CPU
		{147B7E04-CE31-49A7-8589-7C8CB3A9693D}.Ad-Hoc|iPhoneSimulator.Build.0 = Release|Any CPU
		{147B7E04-CE31-49A7-8589-7C8CB3A9693D}.Ad-Hoc|iPhoneSimulator.Deploy.0 = Release|Any CPU
		{147B7E04-CE31-49A7-8589-7C8CB3A9693D}.Ad-Hoc|x64.ActiveCfg = Release|x64
		{147B7E04-CE31-49A7-8589-7C8CB3A9693D}.Ad-Hoc|x64.Build.0 = Release|x64
		{147B7E04-CE31-49A7-8589-7C8CB3A9693D}.Ad-Hoc|x64.Deploy.0 = Release|x64
		{147B7E04-CE31-49A7-8589-7C8CB3A9693D}.Ad-Hoc|x86.ActiveCfg = Release|x86
		{147B7E04-CE31-49A7-8589-7C8CB3A9693D}.Ad-Hoc|x86.Build.0 = Release|x86
		{147B7E04-CE31-49A7-8589-7C8CB3A9693D}.Ad-Hoc|x86.Deploy.0 = Release|x86
		{147B7E04-CE31-49A7-8589-7C8CB3A9693D}.AppStore|Any CPU.ActiveCfg = Release|Any CPU
		{147B7E04-CE31-49A7-8589-7C8CB3A9693D}.AppStore|Any CPU.Build.0 = Release|Any CPU
		{147B7E04-CE31-49A7-8589-7C8CB3A9693D}.AppStore|Any CPU.Deploy.0 = Release|Any CPU
		{147B7E04-CE31-49A7-8589-7C8CB3A9693D}.AppStore|ARM.ActiveCfg = Release|ARM
		{147B7E04-CE31-49A7-8589-7C8CB3A9693D}.AppStore|ARM.Build.0 = Release|ARM
		{147B7E04-CE31-49A7-8589-7C8CB3A9693D}.AppStore|ARM.Deploy.0 = Release|ARM
		{147B7E04-CE31-49A7-8589-7C8CB3A9693D}.AppStore|iPhone.ActiveCfg = Release|Any CPU
		{147B7E04-CE31-49A7-8589-7C8CB3A9693D}.AppStore|iPhone.Build.0 = Release|Any CPU
		{147B7E04-CE31-49A7-8589-7C8CB3A9693D}.AppStore|iPhone.Deploy.0 = Release|Any CPU
		{147B7E04-CE31-49A7-8589-7C8CB3A9693D}.AppStore|iPhoneSimulator.ActiveCfg = Release|Any CPU
		{147B7E04-CE31-49A7-8589-7C8CB3A9693D}.AppStore|iPhoneSimulator.Build.0 = Release|Any CPU
		{147B7E04-CE31-49A7-8589-7C8CB3A9693D}.AppStore|iPhoneSimulator.Deploy.0 = Release|Any CPU
		{147B7E04-CE31-49A7-8589-7C8CB3A9693D}.AppStore|x64.ActiveCfg = Release|x64
		{147B7E04-CE31-49A7-8589-7C8CB3A9693D}.AppStore|x64.Build.0 = Release|x64
		{147B7E04-CE31-49A7-8589-7C8CB3A9693D}.AppStore|x64.Deploy.0 = Release|x64
		{147B7E04-CE31-49A7-8589-7C8CB3A9693D}.AppStore|x86.ActiveCfg = Release|x86
		{147B7E04-CE31-49A7-8589-7C8CB3A9693D}.AppStore|x86.Build.0 = Release|x86
		{147B7E04-CE31-49A7-8589-7C8CB3A9693D}.AppStore|x86.Deploy.0 = Release|x86
		{147B7E04-CE31-49A7-8589-7C8CB3A9693D}.Debug|Any CPU.ActiveCfg = Debug|Any CPU
		{147B7E04-CE31-49A7-8589-7C8CB3A9693D}.Debug|Any CPU.Build.0 = Debug|Any CPU
		{147B7E04-CE31-49A7-8589-7C8CB3A9693D}.Debug|Any CPU.Deploy.0 = Debug|Any CPU
		{147B7E04-CE31-49A7-8589-7C8CB3A9693D}.Debug|ARM.ActiveCfg = Debug|ARM
		{147B7E04-CE31-49A7-8589-7C8CB3A9693D}.Debug|ARM.Build.0 = Debug|ARM
		{147B7E04-CE31-49A7-8589-7C8CB3A9693D}.Debug|ARM.Deploy.0 = Debug|ARM
		{147B7E04-CE31-49A7-8589-7C8CB3A9693D}.Debug|iPhone.ActiveCfg = Debug|Any CPU
		{147B7E04-CE31-49A7-8589-7C8CB3A9693D}.Debug|iPhone.Build.0 = Debug|Any CPU
		{147B7E04-CE31-49A7-8589-7C8CB3A9693D}.Debug|iPhone.Deploy.0 = Debug|Any CPU
		{147B7E04-CE31-49A7-8589-7C8CB3A9693D}.Debug|iPhoneSimulator.ActiveCfg = Debug|Any CPU
		{147B7E04-CE31-49A7-8589-7C8CB3A9693D}.Debug|iPhoneSimulator.Build.0 = Debug|Any CPU
		{147B7E04-CE31-49A7-8589-7C8CB3A9693D}.Debug|iPhoneSimulator.Deploy.0 = Debug|Any CPU
		{147B7E04-CE31-49A7-8589-7C8CB3A9693D}.Debug|x64.ActiveCfg = Debug|x64
		{147B7E04-CE31-49A7-8589-7C8CB3A9693D}.Debug|x64.Build.0 = Debug|x64
		{147B7E04-CE31-49A7-8589-7C8CB3A9693D}.Debug|x64.Deploy.0 = Debug|x64
		{147B7E04-CE31-49A7-8589-7C8CB3A9693D}.Debug|x86.ActiveCfg = Debug|x86
		{147B7E04-CE31-49A7-8589-7C8CB3A9693D}.Debug|x86.Build.0 = Debug|x86
		{147B7E04-CE31-49A7-8589-7C8CB3A9693D}.Debug|x86.Deploy.0 = Debug|x86
		{147B7E04-CE31-49A7-8589-7C8CB3A9693D}.Release|Any CPU.ActiveCfg = Release|Any CPU
		{147B7E04-CE31-49A7-8589-7C8CB3A9693D}.Release|Any CPU.Build.0 = Release|Any CPU
		{147B7E04-CE31-49A7-8589-7C8CB3A9693D}.Release|Any CPU.Deploy.0 = Release|Any CPU
		{147B7E04-CE31-49A7-8589-7C8CB3A9693D}.Release|ARM.ActiveCfg = Release|ARM
		{147B7E04-CE31-49A7-8589-7C8CB3A9693D}.Release|ARM.Build.0 = Release|ARM
		{147B7E04-CE31-49A7-8589-7C8CB3A9693D}.Release|ARM.Deploy.0 = Release|ARM
		{147B7E04-CE31-49A7-8589-7C8CB3A9693D}.Release|iPhone.ActiveCfg = Release|Any CPU
		{147B7E04-CE31-49A7-8589-7C8CB3A9693D}.Release|iPhone.Build.0 = Release|Any CPU
		{147B7E04-CE31-49A7-8589-7C8CB3A9693D}.Release|iPhone.Deploy.0 = Release|Any CPU
		{147B7E04-CE31-49A7-8589-7C8CB3A9693D}.Release|iPhoneSimulator.ActiveCfg = Release|Any CPU
		{147B7E04-CE31-49A7-8589-7C8CB3A9693D}.Release|iPhoneSimulator.Build.0 = Release|Any CPU
		{147B7E04-CE31-49A7-8589-7C8CB3A9693D}.Release|iPhoneSimulator.Deploy.0 = Release|Any CPU
		{147B7E04-CE31-49A7-8589-7C8CB3A9693D}.Release|x64.ActiveCfg = Release|x64
		{147B7E04-CE31-49A7-8589-7C8CB3A9693D}.Release|x64.Build.0 = Release|x64
		{147B7E04-CE31-49A7-8589-7C8CB3A9693D}.Release|x64.Deploy.0 = Release|x64
		{147B7E04-CE31-49A7-8589-7C8CB3A9693D}.Release|x86.ActiveCfg = Release|x86
		{147B7E04-CE31-49A7-8589-7C8CB3A9693D}.Release|x86.Build.0 = Release|x86
		{147B7E04-CE31-49A7-8589-7C8CB3A9693D}.Release|x86.Deploy.0 = Release|x86
	EndGlobalSection
	GlobalSection(SolutionProperties) = preSolution
		HideSolutionNode = FALSE
	EndGlobalSection
EndGlobal
